{
  "pins" : [
    {
      "identity" : "alamofire",
      "kind" : "remoteSourceControl",
      "location" : "https://github.com/Alamofire/Alamofire.git",
      "state" : {
        "revision" : "bc268c28fb170f494de9e9927c371b8342979ece",
        "version" : "5.7.1"
      }
    },
    {
      "identity" : "colorful",
      "kind" : "remoteSourceControl",
      "location" : "https://github.com/Lakr233/Colorful",
      "state" : {
        "revision" : "0bcf960c856d9f7cde10a0b464208585736c5e47",
        "version" : "1.1.0"
      }
    },
    {
      "identity" : "dominantcolor",
      "kind" : "remoteSourceControl",
      "location" : "https://github.com/Adelenade/DominantColor",
      "state" : {
        "branch" : "master",
        "revision" : "32bc520b394219e3d0c5926793ec1e8f2391af12"
      }
    },
    {
      "identity" : "goxlrkit",
      "kind" : "remoteSourceControl",
      "location" : "https://github.com/Adelenade/GoXlrKit",
      "state" : {
        "branch" : "main",
        "revision" : "aab74cac98b4e6335d5a4d43ac6a229ed4ddfbb0"
      }
    },
    {
      "identity" : "macos-wallpaper",
      "kind" : "remoteSourceControl",
      "location" : "https://github.com/sindresorhus/macos-wallpaper",
      "state" : {
        "branch" : "main",
        "revision" : "417a12e606b68215c4aa94586b5c9d910af1c25e"
      }
    },
    {
      "identity" : "menubarextraaccess",
      "kind" : "remoteSourceControl",
      "location" : "https://github.com/orchetect/MenuBarExtraAccess",
      "state" : {
        "revision" : "24c86e4de6664aefb8b29b47fd664cf833c49ad2",
        "version" : "1.0.3"
      }
    },
    {
      "identity" : "sentry-cocoa",
      "kind" : "remoteSourceControl",
      "location" : "https://github.com/getsentry/sentry-cocoa.git",
      "state" : {
        "revision" : "607c3e3730ce391bb9a008c264f45a743b945650",
        "version" : "8.7.1"
      }
    },
    {
      "identity" : "simplycoreaudio",
      "kind" : "remoteSourceControl",
      "location" : "https://github.com/rnine/SimplyCoreAudio",
      "state" : {
        "branch" : "develop",
        "revision" : "73014324f2a916b445b4da5a4232aa57033267af"
      }
    },
    {
      "identity" : "skykit",
      "kind" : "remoteSourceControl",
      "location" : "https://github.com/Adelenade/SkyKit",
      "state" : {
        "branch" : "main",
        "revision" : "67c87c9798e6624a73c965c3d192c7cfe8a42a2c"
      }
    },
    {
      "identity" : "sparkle",
      "kind" : "remoteSourceControl",
      "location" : "https://github.com/sparkle-project/Sparkle",
      "state" : {
        "revision" : "7907f058bcef1132c9b4af6c049cac598330a5f9",
        "version" : "2.4.1"
      }
    },
    {
      "identity" : "sqlite.swift",
      "kind" : "remoteSourceControl",
      "location" : "https://github.com/stephencelis/SQLite.swift",
      "state" : {
        "revision" : "7a2e3cd27de56f6d396e84f63beefd0267b55ccb",
        "version" : "0.14.1"
      }
    },
    {
      "identity" : "starscream",
      "kind" : "remoteSourceControl",
      "location" : "https://github.com/daltoniam/Starscream",
      "state" : {
        "branch" : "master",
        "revision" : "c68359159dcf0b5de9b536b9a959e9e435e968d3"
      }
    },
    {
      "identity" : "swift-argument-parser",
      "kind" : "remoteSourceControl",
      "location" : "https://github.com/apple/swift-argument-parser",
      "state" : {
        "revision" : "fee6933f37fde9a5e12a1e4aeaa93fe60116ff2a",
        "version" : "1.2.2"
      }
    },
    {
      "identity" : "swift-atomics",
      "kind" : "remoteSourceControl",
      "location" : "https://github.com/apple/swift-atomics.git",
      "state" : {
        "revision" : "6c89474e62719ddcc1e9614989fff2f68208fe10",
        "version" : "1.1.0"
      }
    },
    {
      "identity" : "swiftyjson",
      "kind" : "remoteSourceControl",
      "location" : "https://github.com/SwiftyJSON/SwiftyJSON",
      "state" : {
        "branch" : "master",
        "revision" : "af1f7a2007d607fbe735c445f19080df4260fe8e"
      }
    }
  ],
  "version" : 2
}
