{
  "pins" : [
    {
      "identity" : "bluesocket",
      "kind" : "remoteSourceControl",
      "location" : "https://github.com/Kitura/BlueSocket",
      "state" : {
        "branch" : "master",
        "revision" : "8e7dc0469ae2295c968d12a212f6cd75c75cfc5e"
      }
    },
    {
      "identity" : "simplycoreaudio",
      "kind" : "remoteSourceControl",
      "location" : "https://github.com/rnine/SimplyCoreAudio",
      "state" : {
        "revision" : "73014324f2a916b445b4da5a4232aa57033267af",
        "version" : "4.1.0"
      }
    },
    {
      "identity" : "swift-atomics",
      "kind" : "remoteSourceControl",
      "location" : "https://github.com/apple/swift-atomics.git",
      "state" : {
        "revision" : "919eb1d83e02121cdb434c7bfc1f0c66ef17febe",
        "version" : "1.0.2"
      }
    },
    {
      "identity" : "swiftyjson",
      "kind" : "remoteSourceControl",
      "location" : "https://github.com/SwiftyJSON/SwiftyJSON",
      "state" : {
        "branch" : "master",
        "revision" : "b3dcd7dbd0d488e1a7077cb33b00f2083e382f07"
      }
    }
  ],
  "version" : 2
}
