// !$*UTF8*$!
{
	archiveVersion = 1;
	classes = {
	};
	objectVersion = 55;
	objects = {

/* Begin PBXBuildFile section */
		7011E0A028184F5B00573593 /* ControlView.swift in Sources */ = {isa = PBXBuildFile; fileRef = 7011E09F28184F5B00573593 /* ControlView.swift */; };
		7011E0A228184FAF00573593 /* SettingsView.swift in Sources */ = {isa = PBXBuildFile; fileRef = 7011E0A128184FAF00573593 /* SettingsView.swift */; };
		7011E0A4281855EB00573593 /* MainMenu.xib in Resources */ = {isa = PBXBuildFile; fileRef = 7011E0A3281855EB00573593 /* MainMenu.xib */; };
		7011E0A728186D5100573593 /* SimplyCoreAudio in Frameworks */ = {isa = PBXBuildFile; productRef = 7011E0A628186D5100573593 /* SimplyCoreAudio */; };
		7069D856282A6221008356E1 /* SimplyCoreAudio in Frameworks */ = {isa = PBXBuildFile; productRef = 7069D84E282A6221008356E1 /* SimplyCoreAudio */; };
		7069D857282A6221008356E1 /* ShellOut in Frameworks */ = {isa = PBXBuildFile; productRef = 7069D84C282A6221008356E1 /* ShellOut */; };
		7069D859282A6221008356E1 /* Preview Assets.xcassets in Resources */ = {isa = PBXBuildFile; fileRef = 70A490A628159FA500BB2D4C /* Preview Assets.xcassets */; };
		7069D866282A62CD008356E1 /* goxlr-daemon in Resources */ = {isa = PBXBuildFile; fileRef = 7069D864282A62CD008356E1 /* goxlr-daemon */; };
		7069D867282A62CD008356E1 /* goxlr-client in Resources */ = {isa = PBXBuildFile; fileRef = 7069D865282A62CD008356E1 /* goxlr-client */; };
		70A490A028159FA300BB2D4C /* GoXlr_PanelApp.swift in Sources */ = {isa = PBXBuildFile; fileRef = 70A4909F28159FA300BB2D4C /* GoXlr_PanelApp.swift */; };
		70A490A228159FA300BB2D4C /* ContentView.swift in Sources */ = {isa = PBXBuildFile; fileRef = 70A490A128159FA300BB2D4C /* ContentView.swift */; };
		70A490A428159FA500BB2D4C /* Assets.xcassets in Resources */ = {isa = PBXBuildFile; fileRef = 70A490A328159FA500BB2D4C /* Assets.xcassets */; };
		70A490A728159FA500BB2D4C /* Preview Assets.xcassets in Resources */ = {isa = PBXBuildFile; fileRef = 70A490A628159FA500BB2D4C /* Preview Assets.xcassets */; };
		70A490CC2815A70200BB2D4C /* ShellOut in Frameworks */ = {isa = PBXBuildFile; productRef = 70A490CB2815A70200BB2D4C /* ShellOut */; };
		70D298E4282D410D0041E3A4 /* GoLib.swift in Sources */ = {isa = PBXBuildFile; fileRef = 70D298E3282D410D0041E3A4 /* GoLib.swift */; };
		70D298E5282D410D0041E3A4 /* GoLib.swift in Sources */ = {isa = PBXBuildFile; fileRef = 70D298E3282D410D0041E3A4 /* GoLib.swift */; };
		70D298E7282D437F0041E3A4 /* RoutingView.swift in Sources */ = {isa = PBXBuildFile; fileRef = 70D298E6282D437F0041E3A4 /* RoutingView.swift */; };
		70D298E8282D437F0041E3A4 /* RoutingView.swift in Sources */ = {isa = PBXBuildFile; fileRef = 70D298E6282D437F0041E3A4 /* RoutingView.swift */; };
		70FCBB7C282B0D2D0028D9D4 /* NotCreatedView.swift in Sources */ = {isa = PBXBuildFile; fileRef = 70FCBB7B282B0D2D0028D9D4 /* NotCreatedView.swift */; };
		70FCBB7E282B0F850028D9D4 /* HomeView.swift in Sources */ = {isa = PBXBuildFile; fileRef = 70FCBB7D282B0F850028D9D4 /* HomeView.swift */; };
		70FCBBC3282BB5D90028D9D4 /* AboutView.swift in Sources */ = {isa = PBXBuildFile; fileRef = 70FCBBC2282BB5D90028D9D4 /* AboutView.swift */; };
		70FCBBFF282BCC620028D9D4 /* AboutView.swift in Sources */ = {isa = PBXBuildFile; fileRef = 70FCBBEA282BCC620028D9D4 /* AboutView.swift */; };
		70FCBC00282BCC620028D9D4 /* NotCreatedView.swift in Sources */ = {isa = PBXBuildFile; fileRef = 70FCBBEB282BCC620028D9D4 /* NotCreatedView.swift */; };
		70FCBC01282BCC620028D9D4 /* SettingsView.swift in Sources */ = {isa = PBXBuildFile; fileRef = 70FCBBEC282BCC620028D9D4 /* SettingsView.swift */; };
		70FCBC02282BCC620028D9D4 /* GoXlr_PanelApp.swift in Sources */ = {isa = PBXBuildFile; fileRef = 70FCBBED282BCC620028D9D4 /* GoXlr_PanelApp.swift */; };
		70FCBC03282BCC620028D9D4 /* Assets.xcassets in Resources */ = {isa = PBXBuildFile; fileRef = 70FCBBEE282BCC620028D9D4 /* Assets.xcassets */; };
		70FCBC04282BCC620028D9D4 /* HomeView.swift in Sources */ = {isa = PBXBuildFile; fileRef = 70FCBBEF282BCC620028D9D4 /* HomeView.swift */; };
		70FCBC0B282BCC620028D9D4 /* MainMenu.xib in Resources */ = {isa = PBXBuildFile; fileRef = 70FCBBFB282BCC620028D9D4 /* MainMenu.xib */; };
		70FCBC0C282BCC620028D9D4 /* ContentView.swift in Sources */ = {isa = PBXBuildFile; fileRef = 70FCBBFC282BCC620028D9D4 /* ContentView.swift */; };
		70FCBC0D282BCC620028D9D4 /* ControlView.swift in Sources */ = {isa = PBXBuildFile; fileRef = 70FCBBFD282BCC620028D9D4 /* ControlView.swift */; };
		70FCBC0F282BDD890028D9D4 /* LICENSE-3RD-PARTY in Resources */ = {isa = PBXBuildFile; fileRef = 70FCBC0E282BDD880028D9D4 /* LICENSE-3RD-PARTY */; };
		70FCBC10282BDD890028D9D4 /* LICENSE-3RD-PARTY in Resources */ = {isa = PBXBuildFile; fileRef = 70FCBC0E282BDD880028D9D4 /* LICENSE-3RD-PARTY */; };
		70FCBC14282BE16F0028D9D4 /* goxlr-daemon in Resources */ = {isa = PBXBuildFile; fileRef = 70FCBC12282BE16F0028D9D4 /* goxlr-daemon */; };
		70FCBC15282BE16F0028D9D4 /* goxlr-client in Resources */ = {isa = PBXBuildFile; fileRef = 70FCBC13282BE16F0028D9D4 /* goxlr-client */; };
/* End PBXBuildFile section */

/* Begin PBXFileReference section */
		7011E09F28184F5B00573593 /* ControlView.swift */ = {isa = PBXFileReference; lastKnownFileType = sourcecode.swift; path = ControlView.swift; sourceTree = "<group>"; };
		7011E0A128184FAF00573593 /* SettingsView.swift */ = {isa = PBXFileReference; lastKnownFileType = sourcecode.swift; path = SettingsView.swift; sourceTree = "<group>"; };
		7011E0A3281855EB00573593 /* MainMenu.xib */ = {isa = PBXFileReference; lastKnownFileType = file.xib; path = MainMenu.xib; sourceTree = "<group>"; };
		7069D861282A6221008356E1 /* GoXlr Panel M1.app */ = {isa = PBXFileReference; explicitFileType = wrapper.application; includeInIndex = 0; path = "GoXlr Panel M1.app"; sourceTree = BUILT_PRODUCTS_DIR; };
		7069D864282A62CD008356E1 /* goxlr-daemon */ = {isa = PBXFileReference; lastKnownFileType = "compiled.mach-o.executable"; path = "goxlr-daemon"; sourceTree = "<group>"; };
		7069D865282A62CD008356E1 /* goxlr-client */ = {isa = PBXFileReference; lastKnownFileType = "compiled.mach-o.executable"; path = "goxlr-client"; sourceTree = "<group>"; };
		7069D86F282A662D008356E1 /* M1 */ = {isa = PBXFileReference; lastKnownFileType = folder; path = M1; sourceTree = "<group>"; };
		70A4909C28159FA300BB2D4C /* GoXlr Panel.app */ = {isa = PBXFileReference; explicitFileType = wrapper.application; includeInIndex = 0; path = "GoXlr Panel.app"; sourceTree = BUILT_PRODUCTS_DIR; };
		70A4909F28159FA300BB2D4C /* GoXlr_PanelApp.swift */ = {isa = PBXFileReference; lastKnownFileType = sourcecode.swift; path = GoXlr_PanelApp.swift; sourceTree = "<group>"; };
		70A490A128159FA300BB2D4C /* ContentView.swift */ = {isa = PBXFileReference; lastKnownFileType = sourcecode.swift; path = ContentView.swift; sourceTree = "<group>"; };
		70A490A328159FA500BB2D4C /* Assets.xcassets */ = {isa = PBXFileReference; lastKnownFileType = folder.assetcatalog; path = Assets.xcassets; sourceTree = "<group>"; };
		70A490A628159FA500BB2D4C /* Preview Assets.xcassets */ = {isa = PBXFileReference; lastKnownFileType = folder.assetcatalog; path = "Preview Assets.xcassets"; sourceTree = "<group>"; };
		70A490A828159FA500BB2D4C /* GoXlr_Panel.entitlements */ = {isa = PBXFileReference; lastKnownFileType = text.plist.entitlements; path = GoXlr_Panel.entitlements; sourceTree = "<group>"; };
		70D0127C2815EF1400DA0E1B /* README.md */ = {isa = PBXFileReference; lastKnownFileType = net.daringfireball.markdown; path = README.md; sourceTree = "<group>"; };
		70D298E2282D32730041E3A4 /* GoXlr-Panel-Info.plist */ = {isa = PBXFileReference; lastKnownFileType = text.plist; path = "GoXlr-Panel-Info.plist"; sourceTree = SOURCE_ROOT; };
		70D298E3282D410D0041E3A4 /* GoLib.swift */ = {isa = PBXFileReference; lastKnownFileType = sourcecode.swift; path = GoLib.swift; sourceTree = "<group>"; };
		70D298E6282D437F0041E3A4 /* RoutingView.swift */ = {isa = PBXFileReference; lastKnownFileType = sourcecode.swift; path = RoutingView.swift; sourceTree = "<group>"; };
		70FCBB7B282B0D2D0028D9D4 /* NotCreatedView.swift */ = {isa = PBXFileReference; lastKnownFileType = sourcecode.swift; path = NotCreatedView.swift; sourceTree = "<group>"; };
		70FCBB7D282B0F850028D9D4 /* HomeView.swift */ = {isa = PBXFileReference; lastKnownFileType = sourcecode.swift; path = HomeView.swift; sourceTree = "<group>"; };
		70FCBBC2282BB5D90028D9D4 /* AboutView.swift */ = {isa = PBXFileReference; lastKnownFileType = sourcecode.swift; path = AboutView.swift; sourceTree = "<group>"; };
		70FCBBEA282BCC620028D9D4 /* AboutView.swift */ = {isa = PBXFileReference; fileEncoding = 4; lastKnownFileType = sourcecode.swift; path = AboutView.swift; sourceTree = "<group>"; };
		70FCBBEB282BCC620028D9D4 /* NotCreatedView.swift */ = {isa = PBXFileReference; fileEncoding = 4; lastKnownFileType = sourcecode.swift; path = NotCreatedView.swift; sourceTree = "<group>"; };
		70FCBBEC282BCC620028D9D4 /* SettingsView.swift */ = {isa = PBXFileReference; fileEncoding = 4; lastKnownFileType = sourcecode.swift; path = SettingsView.swift; sourceTree = "<group>"; };
		70FCBBED282BCC620028D9D4 /* GoXlr_PanelApp.swift */ = {isa = PBXFileReference; fileEncoding = 4; lastKnownFileType = sourcecode.swift; path = GoXlr_PanelApp.swift; sourceTree = "<group>"; };
		70FCBBEE282BCC620028D9D4 /* Assets.xcassets */ = {isa = PBXFileReference; lastKnownFileType = folder.assetcatalog; path = Assets.xcassets; sourceTree = "<group>"; };
		70FCBBEF282BCC620028D9D4 /* HomeView.swift */ = {isa = PBXFileReference; fileEncoding = 4; lastKnownFileType = sourcecode.swift; path = HomeView.swift; sourceTree = "<group>"; };
		70FCBBF3282BCC620028D9D4 /* Preview Assets.xcassets */ = {isa = PBXFileReference; lastKnownFileType = folder.assetcatalog; path = "Preview Assets.xcassets"; sourceTree = "<group>"; };
		70FCBBFB282BCC620028D9D4 /* MainMenu.xib */ = {isa = PBXFileReference; fileEncoding = 4; lastKnownFileType = file.xib; path = MainMenu.xib; sourceTree = "<group>"; };
		70FCBBFC282BCC620028D9D4 /* ContentView.swift */ = {isa = PBXFileReference; fileEncoding = 4; lastKnownFileType = sourcecode.swift; path = ContentView.swift; sourceTree = "<group>"; };
		70FCBBFD282BCC620028D9D4 /* ControlView.swift */ = {isa = PBXFileReference; fileEncoding = 4; lastKnownFileType = sourcecode.swift; path = ControlView.swift; sourceTree = "<group>"; };
		70FCBBFE282BCC620028D9D4 /* GoXlr_Panel.entitlements */ = {isa = PBXFileReference; fileEncoding = 4; lastKnownFileType = text.plist.entitlements; path = GoXlr_Panel.entitlements; sourceTree = "<group>"; };
		70FCBC0E282BDD880028D9D4 /* LICENSE-3RD-PARTY */ = {isa = PBXFileReference; fileEncoding = 4; lastKnownFileType = text; path = "LICENSE-3RD-PARTY"; sourceTree = SOURCE_ROOT; };
		70FCBC12282BE16F0028D9D4 /* goxlr-daemon */ = {isa = PBXFileReference; lastKnownFileType = "compiled.mach-o.executable"; name = "goxlr-daemon"; path = "GoXlr Panel/Binaries/M1/goxlr-daemon"; sourceTree = "<group>"; };
		70FCBC13282BE16F0028D9D4 /* goxlr-client */ = {isa = PBXFileReference; lastKnownFileType = "compiled.mach-o.executable"; name = "goxlr-client"; path = "GoXlr Panel/Binaries/M1/goxlr-client"; sourceTree = "<group>"; };
/* End PBXFileReference section */

/* Begin PBXFrameworksBuildPhase section */
		7069D855282A6221008356E1 /* Frameworks */ = {
			isa = PBXFrameworksBuildPhase;
			buildActionMask = 2147483647;
			files = (
				7069D856282A6221008356E1 /* SimplyCoreAudio in Frameworks */,
				7069D857282A6221008356E1 /* ShellOut in Frameworks */,
			);
			runOnlyForDeploymentPostprocessing = 0;
		};
		70A4909928159FA300BB2D4C /* Frameworks */ = {
			isa = PBXFrameworksBuildPhase;
			buildActionMask = 2147483647;
			files = (
				7011E0A728186D5100573593 /* SimplyCoreAudio in Frameworks */,
				70A490CC2815A70200BB2D4C /* ShellOut in Frameworks */,
			);
			runOnlyForDeploymentPostprocessing = 0;
		};
/* End PBXFrameworksBuildPhase section */

/* Begin PBXGroup section */
		7069D862282A6272008356E1 /* Binaries */ = {
			isa = PBXGroup;
			children = (
				7069D86F282A662D008356E1 /* M1 */,
				7069D863282A629D008356E1 /* Intel */,
			);
			path = Binaries;
			sourceTree = "<group>";
		};
		7069D863282A629D008356E1 /* Intel */ = {
			isa = PBXGroup;
			children = (
				7069D865282A62CD008356E1 /* goxlr-client */,
				7069D864282A62CD008356E1 /* goxlr-daemon */,
			);
			path = Intel;
			sourceTree = "<group>";
		};
		70A4909328159FA300BB2D4C = {
			isa = PBXGroup;
			children = (
				70FCBC13282BE16F0028D9D4 /* goxlr-client */,
				70FCBC12282BE16F0028D9D4 /* goxlr-daemon */,
				70D0127C2815EF1400DA0E1B /* README.md */,
				70A4909E28159FA300BB2D4C /* GoXlr Panel */,
				70FCBBE9282BCC620028D9D4 /* GoXlr Panel */,
				70A4909D28159FA300BB2D4C /* Products */,
			);
			sourceTree = "<group>";
		};
		70A4909D28159FA300BB2D4C /* Products */ = {
			isa = PBXGroup;
			children = (
				70A4909C28159FA300BB2D4C /* GoXlr Panel.app */,
				7069D861282A6221008356E1 /* GoXlr Panel M1.app */,
			);
			name = Products;
			sourceTree = "<group>";
		};
		70A4909E28159FA300BB2D4C /* GoXlr Panel */ = {
			isa = PBXGroup;
			children = (
				70D298E2282D32730041E3A4 /* GoXlr-Panel-Info.plist */,
				70A4909F28159FA300BB2D4C /* GoXlr_PanelApp.swift */,
				70A490A128159FA300BB2D4C /* ContentView.swift */,
				7011E09F28184F5B00573593 /* ControlView.swift */,
				7011E0A128184FAF00573593 /* SettingsView.swift */,
				70A490A328159FA500BB2D4C /* Assets.xcassets */,
				70A490A828159FA500BB2D4C /* GoXlr_Panel.entitlements */,
				7069D862282A6272008356E1 /* Binaries */,
				70A490A528159FA500BB2D4C /* Preview Content */,
				7011E0A3281855EB00573593 /* MainMenu.xib */,
				70FCBB7B282B0D2D0028D9D4 /* NotCreatedView.swift */,
				70FCBB7D282B0F850028D9D4 /* HomeView.swift */,
				70FCBBC2282BB5D90028D9D4 /* AboutView.swift */,
				70FCBC0E282BDD880028D9D4 /* LICENSE-3RD-PARTY */,
				70D298E3282D410D0041E3A4 /* GoLib.swift */,
				70D298E6282D437F0041E3A4 /* RoutingView.swift */,
			);
			path = "GoXlr Panel";
			sourceTree = "<group>";
		};
		70A490A528159FA500BB2D4C /* Preview Content */ = {
			isa = PBXGroup;
			children = (
				70A490A628159FA500BB2D4C /* Preview Assets.xcassets */,
			);
			path = "Preview Content";
			sourceTree = "<group>";
		};
		70FCBBE9282BCC620028D9D4 /* GoXlr Panel */ = {
			isa = PBXGroup;
			children = (
				70FCBBEA282BCC620028D9D4 /* AboutView.swift */,
				70FCBBEB282BCC620028D9D4 /* NotCreatedView.swift */,
				70FCBBEC282BCC620028D9D4 /* SettingsView.swift */,
				70FCBBED282BCC620028D9D4 /* GoXlr_PanelApp.swift */,
				70FCBBEE282BCC620028D9D4 /* Assets.xcassets */,
				70FCBBEF282BCC620028D9D4 /* HomeView.swift */,
				70FCBBF2282BCC620028D9D4 /* Preview Content */,
				70FCBBFB282BCC620028D9D4 /* MainMenu.xib */,
				70FCBBFC282BCC620028D9D4 /* ContentView.swift */,
				70FCBBFD282BCC620028D9D4 /* ControlView.swift */,
				70FCBBFE282BCC620028D9D4 /* GoXlr_Panel.entitlements */,
			);
			path = "GoXlr Panel";
			sourceTree = "<group>";
		};
		70FCBBF2282BCC620028D9D4 /* Preview Content */ = {
			isa = PBXGroup;
			children = (
				70FCBBF3282BCC620028D9D4 /* Preview Assets.xcassets */,
			);
			path = "Preview Content";
			sourceTree = "<group>";
		};
/* End PBXGroup section */

/* Begin PBXNativeTarget section */
		7069D84A282A6221008356E1 /* GoXlr Panel M1 */ = {
			isa = PBXNativeTarget;
			buildConfigurationList = 7069D85E282A6221008356E1 /* Build configuration list for PBXNativeTarget "GoXlr Panel M1" */;
			buildPhases = (
				7069D850282A6221008356E1 /* Sources */,
				7069D855282A6221008356E1 /* Frameworks */,
				7069D858282A6221008356E1 /* Resources */,
			);
			buildRules = (
			);
			dependencies = (
				7069D84B282A6221008356E1 /* PBXTargetDependency */,
			);
			name = "GoXlr Panel M1";
			packageProductDependencies = (
				7069D84C282A6221008356E1 /* ShellOut */,
				7069D84E282A6221008356E1 /* SimplyCoreAudio */,
			);
			productName = "GoXlr Panel";
			productReference = 7069D861282A6221008356E1 /* GoXlr Panel M1.app */;
			productType = "com.apple.product-type.application";
		};
		70A4909B28159FA300BB2D4C /* GoXlr Panel */ = {
			isa = PBXNativeTarget;
			buildConfigurationList = 70A490C128159FA500BB2D4C /* Build configuration list for PBXNativeTarget "GoXlr Panel" */;
			buildPhases = (
				70A4909828159FA300BB2D4C /* Sources */,
				70A4909928159FA300BB2D4C /* Frameworks */,
				70A4909A28159FA300BB2D4C /* Resources */,
			);
			buildRules = (
			);
			dependencies = (
				70D0127E2815F1B900DA0E1B /* PBXTargetDependency */,
			);
			name = "GoXlr Panel";
			packageProductDependencies = (
				70A490CB2815A70200BB2D4C /* ShellOut */,
				7011E0A628186D5100573593 /* SimplyCoreAudio */,
			);
			productName = "GoXlr Panel";
			productReference = 70A4909C28159FA300BB2D4C /* GoXlr Panel.app */;
			productType = "com.apple.product-type.application";
		};
/* End PBXNativeTarget section */

/* Begin PBXProject section */
		70A4909428159FA300BB2D4C /* Project object */ = {
			isa = PBXProject;
			attributes = {
				BuildIndependentTargetsInParallel = 1;
				LastSwiftUpdateCheck = 1330;
				LastUpgradeCheck = 1330;
				TargetAttributes = {
					70A4909B28159FA300BB2D4C = {
						CreatedOnToolsVersion = 13.3.1;
					};
				};
			};
			buildConfigurationList = 70A4909728159FA300BB2D4C /* Build configuration list for PBXProject "GoXlr Panel" */;
			compatibilityVersion = "Xcode 13.0";
			developmentRegion = en;
			hasScannedForEncodings = 0;
			knownRegions = (
				en,
				Base,
			);
			mainGroup = 70A4909328159FA300BB2D4C;
			packageReferences = (
				70A490CA2815A70200BB2D4C /* XCRemoteSwiftPackageReference "ShellOut" */,
				7011E0A528186D5100573593 /* XCRemoteSwiftPackageReference "SimplyCoreAudio" */,
			);
			productRefGroup = 70A4909D28159FA300BB2D4C /* Products */;
			projectDirPath = "";
			projectRoot = "";
			targets = (
				70A4909B28159FA300BB2D4C /* GoXlr Panel */,
				7069D84A282A6221008356E1 /* GoXlr Panel M1 */,
			);
		};
/* End PBXProject section */

/* Begin PBXResourcesBuildPhase section */
		7069D858282A6221008356E1 /* Resources */ = {
			isa = PBXResourcesBuildPhase;
			buildActionMask = 2147483647;
			files = (
				70FCBC14282BE16F0028D9D4 /* goxlr-daemon in Resources */,
				70FCBC15282BE16F0028D9D4 /* goxlr-client in Resources */,
				7069D859282A6221008356E1 /* Preview Assets.xcassets in Resources */,
				70FCBC0B282BCC620028D9D4 /* MainMenu.xib in Resources */,
				70FCBC03282BCC620028D9D4 /* Assets.xcassets in Resources */,
				70FCBC10282BDD890028D9D4 /* LICENSE-3RD-PARTY in Resources */,
			);
			runOnlyForDeploymentPostprocessing = 0;
		};
		70A4909A28159FA300BB2D4C /* Resources */ = {
			isa = PBXResourcesBuildPhase;
			buildActionMask = 2147483647;
			files = (
				70A490A728159FA500BB2D4C /* Preview Assets.xcassets in Resources */,
				7069D866282A62CD008356E1 /* goxlr-daemon in Resources */,
				70A490A428159FA500BB2D4C /* Assets.xcassets in Resources */,
				7011E0A4281855EB00573593 /* MainMenu.xib in Resources */,
				7069D867282A62CD008356E1 /* goxlr-client in Resources */,
				70FCBC0F282BDD890028D9D4 /* LICENSE-3RD-PARTY in Resources */,
			);
			runOnlyForDeploymentPostprocessing = 0;
		};
/* End PBXResourcesBuildPhase section */

/* Begin PBXSourcesBuildPhase section */
		7069D850282A6221008356E1 /* Sources */ = {
			isa = PBXSourcesBuildPhase;
			buildActionMask = 2147483647;
			files = (
				70D298E8282D437F0041E3A4 /* RoutingView.swift in Sources */,
				70FCBC04282BCC620028D9D4 /* HomeView.swift in Sources */,
				70FCBC01282BCC620028D9D4 /* SettingsView.swift in Sources */,
				70FCBC0D282BCC620028D9D4 /* ControlView.swift in Sources */,
				70D298E5282D410D0041E3A4 /* GoLib.swift in Sources */,
				70FCBC02282BCC620028D9D4 /* GoXlr_PanelApp.swift in Sources */,
				70FCBC0C282BCC620028D9D4 /* ContentView.swift in Sources */,
				70FCBBFF282BCC620028D9D4 /* AboutView.swift in Sources */,
				70FCBC00282BCC620028D9D4 /* NotCreatedView.swift in Sources */,
			);
			runOnlyForDeploymentPostprocessing = 0;
		};
		70A4909828159FA300BB2D4C /* Sources */ = {
			isa = PBXSourcesBuildPhase;
			buildActionMask = 2147483647;
			files = (
				70D298E7282D437F0041E3A4 /* RoutingView.swift in Sources */,
				70A490A228159FA300BB2D4C /* ContentView.swift in Sources */,
				70FCBBC3282BB5D90028D9D4 /* AboutView.swift in Sources */,
				70FCBB7E282B0F850028D9D4 /* HomeView.swift in Sources */,
				70D298E4282D410D0041E3A4 /* GoLib.swift in Sources */,
				7011E0A228184FAF00573593 /* SettingsView.swift in Sources */,
				7011E0A028184F5B00573593 /* ControlView.swift in Sources */,
				70A490A028159FA300BB2D4C /* GoXlr_PanelApp.swift in Sources */,
				70FCBB7C282B0D2D0028D9D4 /* NotCreatedView.swift in Sources */,
			);
			runOnlyForDeploymentPostprocessing = 0;
		};
/* End PBXSourcesBuildPhase section */

/* Begin PBXTargetDependency section */
		7069D84B282A6221008356E1 /* PBXTargetDependency */ = {
			isa = PBXTargetDependency;
			productRef = 70D0127D2815F1B900DA0E1B /* ShellOut */;
		};
		70D0127E2815F1B900DA0E1B /* PBXTargetDependency */ = {
			isa = PBXTargetDependency;
			productRef = 70D0127D2815F1B900DA0E1B /* ShellOut */;
		};
/* End PBXTargetDependency section */

/* Begin XCBuildConfiguration section */
		7069D85F282A6221008356E1 /* Debug */ = {
			isa = XCBuildConfiguration;
			buildSettings = {
				ASSETCATALOG_COMPILER_APPICON_NAME = AppIcon;
				ASSETCATALOG_COMPILER_GLOBAL_ACCENT_COLOR_NAME = AccentColor;
				CODE_SIGN_ENTITLEMENTS = "GoXlr Panel/GoXlr_Panel.entitlements";
				CODE_SIGN_STYLE = Automatic;
				COMBINE_HIDPI_IMAGES = YES;
				CURRENT_PROJECT_VERSION = 1;
				DEVELOPMENT_ASSET_PATHS = "\"GoXlr Panel/Preview Content\"";
				DEVELOPMENT_TEAM = 2CPY2SAJ3X;
				ENABLE_HARDENED_RUNTIME = YES;
				ENABLE_PREVIEWS = YES;
				GENERATE_INFOPLIST_FILE = YES;
				INFOPLIST_FILE = "GoXlr-Panel-M1-Info.plist";
				INFOPLIST_KEY_LSApplicationCategoryType = "public.app-category.utilities";
				INFOPLIST_KEY_NSHumanReadableCopyright = "";
				LD_RUNPATH_SEARCH_PATHS = (
					"$(inherited)",
					"@executable_path/../Frameworks",
				);
				MARKETING_VERSION = 1.1.0;
				PRODUCT_BUNDLE_IDENTIFIER = "adecorp.GoXlr-Panel";
				PRODUCT_NAME = "$(TARGET_NAME)";
				SWIFT_EMIT_LOC_STRINGS = YES;
				SWIFT_VERSION = 5.0;
			};
			name = Debug;
		};
		7069D860282A6221008356E1 /* Release */ = {
			isa = XCBuildConfiguration;
			buildSettings = {
				ASSETCATALOG_COMPILER_APPICON_NAME = AppIcon;
				ASSETCATALOG_COMPILER_GLOBAL_ACCENT_COLOR_NAME = AccentColor;
				CODE_SIGN_ENTITLEMENTS = "GoXlr Panel/GoXlr_Panel.entitlements";
				CODE_SIGN_STYLE = Automatic;
				COMBINE_HIDPI_IMAGES = YES;
				CURRENT_PROJECT_VERSION = 1;
				DEVELOPMENT_ASSET_PATHS = "\"GoXlr Panel/Preview Content\"";
				DEVELOPMENT_TEAM = 2CPY2SAJ3X;
				ENABLE_HARDENED_RUNTIME = YES;
				ENABLE_PREVIEWS = YES;
				GENERATE_INFOPLIST_FILE = YES;
				INFOPLIST_FILE = "GoXlr-Panel-M1-Info.plist";
				INFOPLIST_KEY_LSApplicationCategoryType = "public.app-category.utilities";
				INFOPLIST_KEY_NSHumanReadableCopyright = "";
				LD_RUNPATH_SEARCH_PATHS = (
					"$(inherited)",
					"@executable_path/../Frameworks",
				);
				MARKETING_VERSION = 1.1.0;
				PRODUCT_BUNDLE_IDENTIFIER = "adecorp.GoXlr-Panel";
				PRODUCT_NAME = "$(TARGET_NAME)";
				SWIFT_EMIT_LOC_STRINGS = YES;
				SWIFT_VERSION = 5.0;
			};
			name = Release;
		};
		70A490BF28159FA500BB2D4C /* Debug */ = {
			isa = XCBuildConfiguration;
			buildSettings = {
				ALWAYS_SEARCH_USER_PATHS = NO;
				CLANG_ANALYZER_NONNULL = YES;
				CLANG_ANALYZER_NUMBER_OBJECT_CONVERSION = YES_AGGRESSIVE;
				CLANG_CXX_LANGUAGE_STANDARD = "gnu++17";
				CLANG_ENABLE_MODULES = YES;
				CLANG_ENABLE_OBJC_ARC = YES;
				CLANG_ENABLE_OBJC_WEAK = YES;
				CLANG_WARN_BLOCK_CAPTURE_AUTORELEASING = YES;
				CLANG_WARN_BOOL_CONVERSION = YES;
				CLANG_WARN_COMMA = YES;
				CLANG_WARN_CONSTANT_CONVERSION = YES;
				CLANG_WARN_DEPRECATED_OBJC_IMPLEMENTATIONS = YES;
				CLANG_WARN_DIRECT_OBJC_ISA_USAGE = YES_ERROR;
				CLANG_WARN_DOCUMENTATION_COMMENTS = YES;
				CLANG_WARN_EMPTY_BODY = YES;
				CLANG_WARN_ENUM_CONVERSION = YES;
				CLANG_WARN_INFINITE_RECURSION = YES;
				CLANG_WARN_INT_CONVERSION = YES;
				CLANG_WARN_NON_LITERAL_NULL_CONVERSION = YES;
				CLANG_WARN_OBJC_IMPLICIT_RETAIN_SELF = YES;
				CLANG_WARN_OBJC_LITERAL_CONVERSION = YES;
				CLANG_WARN_OBJC_ROOT_CLASS = YES_ERROR;
				CLANG_WARN_QUOTED_INCLUDE_IN_FRAMEWORK_HEADER = YES;
				CLANG_WARN_RANGE_LOOP_ANALYSIS = YES;
				CLANG_WARN_STRICT_PROTOTYPES = YES;
				CLANG_WARN_SUSPICIOUS_MOVE = YES;
				CLANG_WARN_UNGUARDED_AVAILABILITY = YES_AGGRESSIVE;
				CLANG_WARN_UNREACHABLE_CODE = YES;
				CLANG_WARN__DUPLICATE_METHOD_MATCH = YES;
				COPY_PHASE_STRIP = NO;
				DEBUG_INFORMATION_FORMAT = dwarf;
				ENABLE_STRICT_OBJC_MSGSEND = YES;
				ENABLE_TESTABILITY = YES;
				GCC_C_LANGUAGE_STANDARD = gnu11;
				GCC_DYNAMIC_NO_PIC = NO;
				GCC_NO_COMMON_BLOCKS = YES;
				GCC_OPTIMIZATION_LEVEL = 0;
				GCC_PREPROCESSOR_DEFINITIONS = (
					"DEBUG=1",
					"$(inherited)",
				);
				GCC_WARN_64_TO_32_BIT_CONVERSION = YES;
				GCC_WARN_ABOUT_RETURN_TYPE = YES_ERROR;
				GCC_WARN_UNDECLARED_SELECTOR = YES;
				GCC_WARN_UNINITIALIZED_AUTOS = YES_AGGRESSIVE;
				GCC_WARN_UNUSED_FUNCTION = YES;
				GCC_WARN_UNUSED_VARIABLE = YES;
				MACOSX_DEPLOYMENT_TARGET = 12.1;
				MTL_ENABLE_DEBUG_INFO = INCLUDE_SOURCE;
				MTL_FAST_MATH = YES;
				ONLY_ACTIVE_ARCH = YES;
				SDKROOT = macosx;
				SWIFT_ACTIVE_COMPILATION_CONDITIONS = DEBUG;
				SWIFT_OPTIMIZATION_LEVEL = "-Onone";
			};
			name = Debug;
		};
		70A490C028159FA500BB2D4C /* Release */ = {
			isa = XCBuildConfiguration;
			buildSettings = {
				ALWAYS_SEARCH_USER_PATHS = NO;
				CLANG_ANALYZER_NONNULL = YES;
				CLANG_ANALYZER_NUMBER_OBJECT_CONVERSION = YES_AGGRESSIVE;
				CLANG_CXX_LANGUAGE_STANDARD = "gnu++17";
				CLANG_ENABLE_MODULES = YES;
				CLANG_ENABLE_OBJC_ARC = YES;
				CLANG_ENABLE_OBJC_WEAK = YES;
				CLANG_WARN_BLOCK_CAPTURE_AUTORELEASING = YES;
				CLANG_WARN_BOOL_CONVERSION = YES;
				CLANG_WARN_COMMA = YES;
				CLANG_WARN_CONSTANT_CONVERSION = YES;
				CLANG_WARN_DEPRECATED_OBJC_IMPLEMENTATIONS = YES;
				CLANG_WARN_DIRECT_OBJC_ISA_USAGE = YES_ERROR;
				CLANG_WARN_DOCUMENTATION_COMMENTS = YES;
				CLANG_WARN_EMPTY_BODY = YES;
				CLANG_WARN_ENUM_CONVERSION = YES;
				CLANG_WARN_INFINITE_RECURSION = YES;
				CLANG_WARN_INT_CONVERSION = YES;
				CLANG_WARN_NON_LITERAL_NULL_CONVERSION = YES;
				CLANG_WARN_OBJC_IMPLICIT_RETAIN_SELF = YES;
				CLANG_WARN_OBJC_LITERAL_CONVERSION = YES;
				CLANG_WARN_OBJC_ROOT_CLASS = YES_ERROR;
				CLANG_WARN_QUOTED_INCLUDE_IN_FRAMEWORK_HEADER = YES;
				CLANG_WARN_RANGE_LOOP_ANALYSIS = YES;
				CLANG_WARN_STRICT_PROTOTYPES = YES;
				CLANG_WARN_SUSPICIOUS_MOVE = YES;
				CLANG_WARN_UNGUARDED_AVAILABILITY = YES_AGGRESSIVE;
				CLANG_WARN_UNREACHABLE_CODE = YES;
				CLANG_WARN__DUPLICATE_METHOD_MATCH = YES;
				COPY_PHASE_STRIP = NO;
				DEBUG_INFORMATION_FORMAT = "dwarf-with-dsym";
				ENABLE_NS_ASSERTIONS = NO;
				ENABLE_STRICT_OBJC_MSGSEND = YES;
				GCC_C_LANGUAGE_STANDARD = gnu11;
				GCC_NO_COMMON_BLOCKS = YES;
				GCC_WARN_64_TO_32_BIT_CONVERSION = YES;
				GCC_WARN_ABOUT_RETURN_TYPE = YES_ERROR;
				GCC_WARN_UNDECLARED_SELECTOR = YES;
				GCC_WARN_UNINITIALIZED_AUTOS = YES_AGGRESSIVE;
				GCC_WARN_UNUSED_FUNCTION = YES;
				GCC_WARN_UNUSED_VARIABLE = YES;
				MACOSX_DEPLOYMENT_TARGET = 12.1;
				MTL_ENABLE_DEBUG_INFO = NO;
				MTL_FAST_MATH = YES;
				SDKROOT = macosx;
				SWIFT_COMPILATION_MODE = wholemodule;
				SWIFT_OPTIMIZATION_LEVEL = "-O";
			};
			name = Release;
		};
		70A490C228159FA500BB2D4C /* Debug */ = {
			isa = XCBuildConfiguration;
			buildSettings = {
				ASSETCATALOG_COMPILER_APPICON_NAME = AppIcon;
				ASSETCATALOG_COMPILER_GLOBAL_ACCENT_COLOR_NAME = AccentColor;
				CODE_SIGN_ENTITLEMENTS = "GoXlr Panel/GoXlr_Panel.entitlements";
				CODE_SIGN_STYLE = Automatic;
				COMBINE_HIDPI_IMAGES = YES;
				CURRENT_PROJECT_VERSION = 1;
				DEVELOPMENT_ASSET_PATHS = "\"GoXlr Panel/Preview Content\"";
				DEVELOPMENT_TEAM = 2CPY2SAJ3X;
				ENABLE_HARDENED_RUNTIME = YES;
				ENABLE_PREVIEWS = YES;
				GENERATE_INFOPLIST_FILE = YES;
				INFOPLIST_FILE = "GoXlr-Panel-Info.plist";
				INFOPLIST_KEY_LSApplicationCategoryType = "public.app-category.utilities";
				INFOPLIST_KEY_NSHumanReadableCopyright = "";
				LD_RUNPATH_SEARCH_PATHS = (
					"$(inherited)",
					"@executable_path/../Frameworks",
				);
				MARKETING_VERSION = 1.1.0;
				PRODUCT_BUNDLE_IDENTIFIER = "adecorp.GoXlr-Panel";
				PRODUCT_NAME = "$(TARGET_NAME)";
				SWIFT_EMIT_LOC_STRINGS = YES;
				SWIFT_VERSION = 5.0;
			};
			name = Debug;
		};
		70A490C328159FA500BB2D4C /* Release */ = {
			isa = XCBuildConfiguration;
			buildSettings = {
				ASSETCATALOG_COMPILER_APPICON_NAME = AppIcon;
				ASSETCATALOG_COMPILER_GLOBAL_ACCENT_COLOR_NAME = AccentColor;
				CODE_SIGN_ENTITLEMENTS = "GoXlr Panel/GoXlr_Panel.entitlements";
				CODE_SIGN_STYLE = Automatic;
				COMBINE_HIDPI_IMAGES = YES;
				CURRENT_PROJECT_VERSION = 1;
				DEVELOPMENT_ASSET_PATHS = "\"GoXlr Panel/Preview Content\"";
				DEVELOPMENT_TEAM = 2CPY2SAJ3X;
				ENABLE_HARDENED_RUNTIME = YES;
				ENABLE_PREVIEWS = YES;
				GENERATE_INFOPLIST_FILE = YES;
				INFOPLIST_FILE = "GoXlr-Panel-Info.plist";
				INFOPLIST_KEY_LSApplicationCategoryType = "public.app-category.utilities";
				INFOPLIST_KEY_NSHumanReadableCopyright = "";
				LD_RUNPATH_SEARCH_PATHS = (
					"$(inherited)",
					"@executable_path/../Frameworks",
				);
				MARKETING_VERSION = 1.1.0;
				PRODUCT_BUNDLE_IDENTIFIER = "adecorp.GoXlr-Panel";
				PRODUCT_NAME = "$(TARGET_NAME)";
				SWIFT_EMIT_LOC_STRINGS = YES;
				SWIFT_VERSION = 5.0;
			};
			name = Release;
		};
/* End XCBuildConfiguration section */

/* Begin XCConfigurationList section */
		7069D85E282A6221008356E1 /* Build configuration list for PBXNativeTarget "GoXlr Panel M1" */ = {
			isa = XCConfigurationList;
			buildConfigurations = (
				7069D85F282A6221008356E1 /* Debug */,
				7069D860282A6221008356E1 /* Release */,
			);
			defaultConfigurationIsVisible = 0;
			defaultConfigurationName = Release;
		};
		70A4909728159FA300BB2D4C /* Build configuration list for PBXProject "GoXlr Panel" */ = {
			isa = XCConfigurationList;
			buildConfigurations = (
				70A490BF28159FA500BB2D4C /* Debug */,
				70A490C028159FA500BB2D4C /* Release */,
			);
			defaultConfigurationIsVisible = 0;
			defaultConfigurationName = Release;
		};
		70A490C128159FA500BB2D4C /* Build configuration list for PBXNativeTarget "GoXlr Panel" */ = {
			isa = XCConfigurationList;
			buildConfigurations = (
				70A490C228159FA500BB2D4C /* Debug */,
				70A490C328159FA500BB2D4C /* Release */,
			);
			defaultConfigurationIsVisible = 0;
			defaultConfigurationName = Release;
		};
/* End XCConfigurationList section */

/* Begin XCRemoteSwiftPackageReference section */
		7011E0A528186D5100573593 /* XCRemoteSwiftPackageReference "SimplyCoreAudio" */ = {
			isa = XCRemoteSwiftPackageReference;
			repositoryURL = "https://github.com/rnine/SimplyCoreAudio";
			requirement = {
				kind = upToNextMajorVersion;
				minimumVersion = 4.0.0;
			};
		};
		7069D84D282A6221008356E1 /* XCRemoteSwiftPackageReference "ShellOut" */ = {
			isa = XCRemoteSwiftPackageReference;
			repositoryURL = "https://github.com/JohnSundell/ShellOut.git";
			requirement = {
				kind = upToNextMajorVersion;
				minimumVersion = 2.0.0;
			};
		};
		7069D84F282A6221008356E1 /* XCRemoteSwiftPackageReference "SimplyCoreAudio" */ = {
			isa = XCRemoteSwiftPackageReference;
			repositoryURL = "https://github.com/rnine/SimplyCoreAudio";
			requirement = {
				kind = upToNextMajorVersion;
				minimumVersion = 4.0.0;
			};
		};
		70A490CA2815A70200BB2D4C /* XCRemoteSwiftPackageReference "ShellOut" */ = {
			isa = XCRemoteSwiftPackageReference;
			repositoryURL = "https://github.com/JohnSundell/ShellOut.git";
			requirement = {
				kind = upToNextMajorVersion;
				minimumVersion = 2.0.0;
			};
		};
/* End XCRemoteSwiftPackageReference section */

/* Begin XCSwiftPackageProductDependency section */
		7011E0A628186D5100573593 /* SimplyCoreAudio */ = {
			isa = XCSwiftPackageProductDependency;
			package = 7011E0A528186D5100573593 /* XCRemoteSwiftPackageReference "SimplyCoreAudio" */;
			productName = SimplyCoreAudio;
		};
		7069D84C282A6221008356E1 /* ShellOut */ = {
			isa = XCSwiftPackageProductDependency;
			package = 7069D84D282A6221008356E1 /* XCRemoteSwiftPackageReference "ShellOut" */;
			productName = ShellOut;
		};
		7069D84E282A6221008356E1 /* SimplyCoreAudio */ = {
			isa = XCSwiftPackageProductDependency;
			package = 7069D84F282A6221008356E1 /* XCRemoteSwiftPackageReference "SimplyCoreAudio" */;
			productName = SimplyCoreAudio;
		};
		70A490CB2815A70200BB2D4C /* ShellOut */ = {
			isa = XCSwiftPackageProductDependency;
			package = 70A490CA2815A70200BB2D4C /* XCRemoteSwiftPackageReference "ShellOut" */;
			productName = ShellOut;
		};
		70D0127D2815F1B900DA0E1B /* ShellOut */ = {
			isa = XCSwiftPackageProductDependency;
			package = 70A490CA2815A70200BB2D4C /* XCRemoteSwiftPackageReference "ShellOut" */;
			productName = ShellOut;
		};
/* End XCSwiftPackageProductDependency section */
	};
	rootObject = 70A4909428159FA300BB2D4C /* Project object */;
}
